{
  "pins" : [
    {
      "identity" : "weatherservice",
      "kind" : "remoteSourceControl",
      "location" : "https://github.com/jayesh15111988/WeatherService",
      "state" : {
        "revision" : "e8216baaace5078d2509e08991e111190ff7b829",
        "version" : "1.0.0"
      }
    }
  ],
  "version" : 2
}
