{
  "pins" : [
    {
      "identity" : "weatherservice",
      "kind" : "remoteSourceControl",
      "location" : "https://github.com/jayesh15111988/WeatherService",
      "state" : {
        "revision" : "5607b9f3a621d2102fdcd7c283408654195b3970",
        "version" : "2.0.0"
      }
    }
  ],
  "version" : 2
}
